
Microsoft Visual Studio Solution File, Format Version 12.00
Project("{FAE04EC0-301F-11D3-BF4B-00C04F79EFBC}") = "VueViteCore.Business", "VueViteCore.Business\VueViteCore.Business.csproj", "{B248BD00-7847-4F8D-851E-6E0579A0DC42}"
EndProject
Project("{FAE04EC0-301F-11D3-BF4B-00C04F79EFBC}") = "VueViteCore", "VueViteCore\VueViteCore.csproj", "{0EE95692-74A7-4E9E-A12B-62FD1D8774B3}"
EndProject
Project("{FAE04EC0-301F-11D3-BF4B-00C04F79EFBC}") = "Test", "Test\Test.csproj", "{90224566-8F79-49A0-A09A-8EF04A712A06}"
EndProject
Global
	GlobalSection(SolutionConfigurationPlatforms) = preSolution
		Debug|Any CPU = Debug|Any CPU
		Release|Any CPU = Release|Any CPU
	EndGlobalSection
	GlobalSection(ProjectConfigurationPlatforms) = postSolution
		{B248BD00-7847-4F8D-851E-6E0579A0DC42}.Debug|Any CPU.ActiveCfg = Debug|Any CPU
		{B248BD00-7847-4F8D-851E-6E0579A0DC42}.Debug|Any CPU.Build.0 = Debug|Any CPU
		{B248BD00-7847-4F8D-851E-6E0579A0DC42}.Release|Any CPU.ActiveCfg = Release|Any CPU
		{B248BD00-7847-4F8D-851E-6E0579A0DC42}.Release|Any CPU.Build.0 = Release|Any CPU
		{0EE95692-74A7-4E9E-A12B-62FD1D8774B3}.Debug|Any CPU.ActiveCfg = Debug|Any CPU
		{0EE95692-74A7-4E9E-A12B-62FD1D8774B3}.Debug|Any CPU.Build.0 = Debug|Any CPU
		{0EE95692-74A7-4E9E-A12B-62FD1D8774B3}.Release|Any CPU.ActiveCfg = Release|Any CPU
		{0EE95692-74A7-4E9E-A12B-62FD1D8774B3}.Release|Any CPU.Build.0 = Release|Any CPU
		{90224566-8F79-49A0-A09A-8EF04A712A06}.Debug|Any CPU.ActiveCfg = Debug|Any CPU
		{90224566-8F79-49A0-A09A-8EF04A712A06}.Debug|Any CPU.Build.0 = Debug|Any CPU
		{90224566-8F79-49A0-A09A-8EF04A712A06}.Release|Any CPU.ActiveCfg = Release|Any CPU
		{90224566-8F79-49A0-A09A-8EF04A712A06}.Release|Any CPU.Build.0 = Release|Any CPU
	EndGlobalSection
EndGlobal
